{
  "requires": true,
  "lockfileVersion": 1,
  "dependencies": {
    "lodash": {
      "version": "3.9.3",
      "resolved": "https://registry.npmjs.org/lodash/-/lodash-3.9.3.tgz",
      "integrity": "sha1-AVnoaDL+/8bWHYUrEqlTuZSWvTI="
    },
    "mortgage-calculator": {
      "version": "1.1.2",
      "resolved": "https://registry.npmjs.org/mortgage-calculator/-/mortgage-calculator-1.1.2.tgz",
      "integrity": "sha1-8LoQ5/S112nxxbgPDH6QA2GxYGE=",
      "requires": {
        "lodash": "3.9.3"
      }
    }
  }
}
